
Microsoft Visual Studio Solution File, Format Version 12.00
# Visual Studio Version 16
VisualStudioVersion = 16.0.29001.49
MinimumVisualStudioVersion = 10.0.40219.1
Project("{8BC9CEB8-8B4A-11D0-8D11-00A0C91BC942}") = "HelloGitHub", "HelloGitHub\HelloGitHub.vcxproj", "{AEBC7C01-F00D-43AA-A18C-EC2B38C5F0C8}"
EndProject
Global
	GlobalSection(SolutionConfigurationPlatforms) = preSolution
		Debug|x64 = Debug|x64
		Debug|x86 = Debug|x86
		Release|x64 = Release|x64
		Release|x86 = Release|x86
	EndGlobalSection
	GlobalSection(ProjectConfigurationPlatforms) = postSolution
		{AEBC7C01-F00D-43AA-A18C-EC2B38C5F0C8}.Debug|x64.ActiveCfg = Debug|x64
		{AEBC7C01-F00D-43AA-A18C-EC2B38C5F0C8}.Debug|x64.Build.0 = Debug|x64
		{AEBC7C01-F00D-43AA-A18C-EC2B38C5F0C8}.Debug|x86.ActiveCfg = Debug|Win32
		{AEBC7C01-F00D-43AA-A18C-EC2B38C5F0C8}.Debug|x86.Build.0 = Debug|Win32
		{AEBC7C01-F00D-43AA-A18C-EC2B38C5F0C8}.Release|x64.ActiveCfg = Release|x64
		{AEBC7C01-F00D-43AA-A18C-EC2B38C5F0C8}.Release|x64.Build.0 = Release|x64
		{AEBC7C01-F00D-43AA-A18C-EC2B38C5F0C8}.Release|x86.ActiveCfg = Release|Win32
		{AEBC7C01-F00D-43AA-A18C-EC2B38C5F0C8}.Release|x86.Build.0 = Release|Win32
	EndGlobalSection
	GlobalSection(SolutionProperties) = preSolution
		HideSolutionNode = FALSE
	EndGlobalSection
	GlobalSection(ExtensibilityGlobals) = postSolution
		SolutionGuid = {35FC1A7E-499F-40E2-86C6-466D24A675A9}
	EndGlobalSection
EndGlobal
